
Microsoft Visual Studio Solution File, Format Version 12.00
# Visual Studio Version 16
VisualStudioVersion = 16.0.29001.49
MinimumVisualStudioVersion = 10.0.40219.1
Project("{FAE04EC0-301F-11D3-BF4B-00C04F79EFBC}") = "Messages.App", "Messages.App\Messages.App.csproj", "{8AB6CAA1-D12F-4E42-A7C7-E908AEB2F76B}"
EndProject
Project("{FAE04EC0-301F-11D3-BF4B-00C04F79EFBC}") = "Messages.Data", "Messages.Data\Messages.Data.csproj", "{DA6B5B3D-8C30-44A0-B440-245346460665}"
EndProject
Project("{FAE04EC0-301F-11D3-BF4B-00C04F79EFBC}") = "Messages.Domain", "Messages.Domain\Messages.Domain.csproj", "{BD65F182-E98A-4B47-8278-C06B308E83FE}"
EndProject
Global
	GlobalSection(SolutionConfigurationPlatforms) = preSolution
		Debug|Any CPU = Debug|Any CPU
		Release|Any CPU = Release|Any CPU
	EndGlobalSection
	GlobalSection(ProjectConfigurationPlatforms) = postSolution
		{8AB6CAA1-D12F-4E42-A7C7-E908AEB2F76B}.Debug|Any CPU.ActiveCfg = Debug|Any CPU
		{8AB6CAA1-D12F-4E42-A7C7-E908AEB2F76B}.Debug|Any CPU.Build.0 = Debug|Any CPU
		{8AB6CAA1-D12F-4E42-A7C7-E908AEB2F76B}.Release|Any CPU.ActiveCfg = Release|Any CPU
		{8AB6CAA1-D12F-4E42-A7C7-E908AEB2F76B}.Release|Any CPU.Build.0 = Release|Any CPU
		{DA6B5B3D-8C30-44A0-B440-245346460665}.Debug|Any CPU.ActiveCfg = Debug|Any CPU
		{DA6B5B3D-8C30-44A0-B440-245346460665}.Debug|Any CPU.Build.0 = Debug|Any CPU
		{DA6B5B3D-8C30-44A0-B440-245346460665}.Release|Any CPU.ActiveCfg = Release|Any CPU
		{DA6B5B3D-8C30-44A0-B440-245346460665}.Release|Any CPU.Build.0 = Release|Any CPU
		{BD65F182-E98A-4B47-8278-C06B308E83FE}.Debug|Any CPU.ActiveCfg = Debug|Any CPU
		{BD65F182-E98A-4B47-8278-C06B308E83FE}.Debug|Any CPU.Build.0 = Debug|Any CPU
		{BD65F182-E98A-4B47-8278-C06B308E83FE}.Release|Any CPU.ActiveCfg = Release|Any CPU
		{BD65F182-E98A-4B47-8278-C06B308E83FE}.Release|Any CPU.Build.0 = Release|Any CPU
	EndGlobalSection
	GlobalSection(SolutionProperties) = preSolution
		HideSolutionNode = FALSE
	EndGlobalSection
	GlobalSection(ExtensibilityGlobals) = postSolution
		SolutionGuid = {20CEC483-09DD-4C4E-A27F-D124A8799C24}
	EndGlobalSection
EndGlobal
