
Microsoft Visual Studio Solution File, Format Version 12.00
# Visual Studio Version 16
VisualStudioVersion = 16.0.29001.49
MinimumVisualStudioVersion = 10.0.40219.1
Project("{9A19103F-16F7-4668-BE54-9A1E7A4F7556}") = "ClassBox", "ClassBox\ClassBox.csproj", "{E9D49D7F-8902-4E57-AC52-FB8A058D199E}"
EndProject
Project("{9A19103F-16F7-4668-BE54-9A1E7A4F7556}") = "ClassBoxDataValidation", "ClassBoxDataValidation\ClassBoxDataValidation.csproj", "{4B9492E6-A30E-4E3E-9F1A-05B272E97885}"
EndProject
Project("{9A19103F-16F7-4668-BE54-9A1E7A4F7556}") = "AnimalFarm", "AnimalFarm\AnimalFarm\AnimalFarm.csproj", "{9DA83688-47FC-4A82-852C-4C821FFE5776}"
EndProject
Project("{9A19103F-16F7-4668-BE54-9A1E7A4F7556}") = "ShoppingSpree", "ShoppingSpree\ShoppingSpree.csproj", "{B00F42A0-790A-484D-95D3-75DAA7D11570}"
EndProject
Project("{9A19103F-16F7-4668-BE54-9A1E7A4F7556}") = "PizzaCalories", "PizzaCalories\PizzaCalories.csproj", "{C282DB58-6F80-419B-97E5-7B2A722CF8EC}"
EndProject
Global
	GlobalSection(SolutionConfigurationPlatforms) = preSolution
		Debug|Any CPU = Debug|Any CPU
		Release|Any CPU = Release|Any CPU
	EndGlobalSection
	GlobalSection(ProjectConfigurationPlatforms) = postSolution
		{E9D49D7F-8902-4E57-AC52-FB8A058D199E}.Debug|Any CPU.ActiveCfg = Debug|Any CPU
		{E9D49D7F-8902-4E57-AC52-FB8A058D199E}.Debug|Any CPU.Build.0 = Debug|Any CPU
		{E9D49D7F-8902-4E57-AC52-FB8A058D199E}.Release|Any CPU.ActiveCfg = Release|Any CPU
		{E9D49D7F-8902-4E57-AC52-FB8A058D199E}.Release|Any CPU.Build.0 = Release|Any CPU
		{4B9492E6-A30E-4E3E-9F1A-05B272E97885}.Debug|Any CPU.ActiveCfg = Debug|Any CPU
		{4B9492E6-A30E-4E3E-9F1A-05B272E97885}.Debug|Any CPU.Build.0 = Debug|Any CPU
		{4B9492E6-A30E-4E3E-9F1A-05B272E97885}.Release|Any CPU.ActiveCfg = Release|Any CPU
		{4B9492E6-A30E-4E3E-9F1A-05B272E97885}.Release|Any CPU.Build.0 = Release|Any CPU
		{9DA83688-47FC-4A82-852C-4C821FFE5776}.Debug|Any CPU.ActiveCfg = Debug|Any CPU
		{9DA83688-47FC-4A82-852C-4C821FFE5776}.Debug|Any CPU.Build.0 = Debug|Any CPU
		{9DA83688-47FC-4A82-852C-4C821FFE5776}.Release|Any CPU.ActiveCfg = Release|Any CPU
		{9DA83688-47FC-4A82-852C-4C821FFE5776}.Release|Any CPU.Build.0 = Release|Any CPU
		{B00F42A0-790A-484D-95D3-75DAA7D11570}.Debug|Any CPU.ActiveCfg = Debug|Any CPU
		{B00F42A0-790A-484D-95D3-75DAA7D11570}.Debug|Any CPU.Build.0 = Debug|Any CPU
		{B00F42A0-790A-484D-95D3-75DAA7D11570}.Release|Any CPU.ActiveCfg = Release|Any CPU
		{B00F42A0-790A-484D-95D3-75DAA7D11570}.Release|Any CPU.Build.0 = Release|Any CPU
		{C282DB58-6F80-419B-97E5-7B2A722CF8EC}.Debug|Any CPU.ActiveCfg = Debug|Any CPU
		{C282DB58-6F80-419B-97E5-7B2A722CF8EC}.Debug|Any CPU.Build.0 = Debug|Any CPU
		{C282DB58-6F80-419B-97E5-7B2A722CF8EC}.Release|Any CPU.ActiveCfg = Release|Any CPU
		{C282DB58-6F80-419B-97E5-7B2A722CF8EC}.Release|Any CPU.Build.0 = Release|Any CPU
	EndGlobalSection
	GlobalSection(SolutionProperties) = preSolution
		HideSolutionNode = FALSE
	EndGlobalSection
	GlobalSection(ExtensibilityGlobals) = postSolution
		SolutionGuid = {AC647D95-67BD-4CDD-B67A-350F7BA7D7B3}
	EndGlobalSection
EndGlobal
