
Microsoft Visual Studio Solution File, Format Version 12.00
# Visual Studio Version 16
VisualStudioVersion = 16.0.29001.49
MinimumVisualStudioVersion = 10.0.40219.1
Project("{FAE04EC0-301F-11D3-BF4B-00C04F79EFBC}") = "Eventures", "Eventures\Eventures.csproj", "{7807A6E5-6A75-447E-BC99-FA0124FDA52E}"
EndProject
Project("{FAE04EC0-301F-11D3-BF4B-00C04F79EFBC}") = "Eventures.Domain", "Eventures.Domain\Eventures.Domain.csproj", "{A1D15B05-229D-40DD-B740-734E893B9F31}"
EndProject
Project("{FAE04EC0-301F-11D3-BF4B-00C04F79EFBC}") = "Eventures.Data", "Eventures.Data\Eventures.Data.csproj", "{29606A84-76F8-4056-BD57-1E10E49007B2}"
EndProject
Global
	GlobalSection(SolutionConfigurationPlatforms) = preSolution
		Debug|Any CPU = Debug|Any CPU
		Release|Any CPU = Release|Any CPU
	EndGlobalSection
	GlobalSection(ProjectConfigurationPlatforms) = postSolution
		{7807A6E5-6A75-447E-BC99-FA0124FDA52E}.Debug|Any CPU.ActiveCfg = Debug|Any CPU
		{7807A6E5-6A75-447E-BC99-FA0124FDA52E}.Debug|Any CPU.Build.0 = Debug|Any CPU
		{7807A6E5-6A75-447E-BC99-FA0124FDA52E}.Release|Any CPU.ActiveCfg = Release|Any CPU
		{7807A6E5-6A75-447E-BC99-FA0124FDA52E}.Release|Any CPU.Build.0 = Release|Any CPU
		{A1D15B05-229D-40DD-B740-734E893B9F31}.Debug|Any CPU.ActiveCfg = Debug|Any CPU
		{A1D15B05-229D-40DD-B740-734E893B9F31}.Debug|Any CPU.Build.0 = Debug|Any CPU
		{A1D15B05-229D-40DD-B740-734E893B9F31}.Release|Any CPU.ActiveCfg = Release|Any CPU
		{A1D15B05-229D-40DD-B740-734E893B9F31}.Release|Any CPU.Build.0 = Release|Any CPU
		{29606A84-76F8-4056-BD57-1E10E49007B2}.Debug|Any CPU.ActiveCfg = Debug|Any CPU
		{29606A84-76F8-4056-BD57-1E10E49007B2}.Debug|Any CPU.Build.0 = Debug|Any CPU
		{29606A84-76F8-4056-BD57-1E10E49007B2}.Release|Any CPU.ActiveCfg = Release|Any CPU
		{29606A84-76F8-4056-BD57-1E10E49007B2}.Release|Any CPU.Build.0 = Release|Any CPU
	EndGlobalSection
	GlobalSection(SolutionProperties) = preSolution
		HideSolutionNode = FALSE
	EndGlobalSection
	GlobalSection(ExtensibilityGlobals) = postSolution
		SolutionGuid = {B5448876-FDAA-4554-8963-E9A3A2BC8006}
	EndGlobalSection
EndGlobal
