
Microsoft Visual Studio Solution File, Format Version 12.00
# Visual Studio 15
VisualStudioVersion = 15.0.28010.2026
MinimumVisualStudioVersion = 10.0.40219.1
Project("{FAE04EC0-301F-11D3-BF4B-00C04F79EFBC}") = "01. Excellent Result", "01. Excellent Result\01. Excellent Result.csproj", "{1EAC4A2C-EB96-4B14-85D1-C0B58EED1232}"
EndProject
Project("{FAE04EC0-301F-11D3-BF4B-00C04F79EFBC}") = "02. Excellent or Not", "02. Excellent or Not\02. Excellent or Not.csproj", "{0BE7F504-D700-4349-AB7F-6C91D22FC0C5}"
EndProject
Project("{FAE04EC0-301F-11D3-BF4B-00C04F79EFBC}") = "03. Even or Odd", "03. Even or Odd\03. Even or Odd.csproj", "{6B38312D-F6E7-4348-8E41-5EC42AB9E224}"
EndProject
Project("{FAE04EC0-301F-11D3-BF4B-00C04F79EFBC}") = "04. Greater Number", "04. Greater Number\04. Greater Number.csproj", "{661AFB28-2A87-4BF1-8CCA-7C198CDBEE8E}"
EndProject
Project("{9A19103F-16F7-4668-BE54-9A1E7A4F7556}") = "05. Number 1-9 to text", "05. Number 1-9 to text\05. Number 1-9 to text.csproj", "{F8A2B745-ADED-41F3-9D48-08802139529C}"
EndProject
Project("{FAE04EC0-301F-11D3-BF4B-00C04F79EFBC}") = "06. Bonus Score", "06. Bonus Score\06. Bonus Score.csproj", "{A3B4135F-BC6E-48EA-B77A-6A7E1EF1EF7F}"
EndProject
Project("{FAE04EC0-301F-11D3-BF4B-00C04F79EFBC}") = "07. Sum Seconds", "07. Sum Seconds\07. Sum Seconds.csproj", "{1C2D2447-E1DE-4581-8772-5C161340138D}"
EndProject
Project("{FAE04EC0-301F-11D3-BF4B-00C04F79EFBC}") = "08. Metric Converter", "08. Metric Converter\08. Metric Converter.csproj", "{F6824BF4-F5C7-4BDF-845B-99FD72BF7B63}"
EndProject
Project("{FAE04EC0-301F-11D3-BF4B-00C04F79EFBC}") = "09. Password Guess", "09. Password Guess\09. Password Guess.csproj", "{983751F4-B4A6-4CFA-8925-E211FA3584B2}"
EndProject
Project("{FAE04EC0-301F-11D3-BF4B-00C04F79EFBC}") = "10. Number 100-200", "10. Number 100-200\10. Number 100-200.csproj", "{333C7838-7C8E-4C25-B122-A4107C37E674}"
EndProject
Project("{FAE04EC0-301F-11D3-BF4B-00C04F79EFBC}") = "11. Equal Words", "11. Equal Words\11. Equal Words.csproj", "{405FEC8D-046B-4701-BDD9-236E00094162}"
EndProject
Project("{FAE04EC0-301F-11D3-BF4B-00C04F79EFBC}") = "12. Speed Info", "12. Speed Info\12. Speed Info.csproj", "{299C5C8D-9B94-4780-80D3-F36272FA4EB6}"
EndProject
Project("{FAE04EC0-301F-11D3-BF4B-00C04F79EFBC}") = "13. Area of Figures", "13. Area of Figures\13. Area of Figures.csproj", "{F652C872-83C9-42BA-A496-57B080D9AD4B}"
EndProject
Project("{FAE04EC0-301F-11D3-BF4B-00C04F79EFBC}") = "14. Time + 15 Minutes", "14. Time + 15 Minutes\14. Time + 15 Minutes.csproj", "{CEA939AB-0AC3-4474-AA10-9CE3E052311C}"
EndProject
Project("{FAE04EC0-301F-11D3-BF4B-00C04F79EFBC}") = "15. 3 Equal Numbers", "15. 3 Equal Numbers\15. 3 Equal Numbers.csproj", "{E6F6F159-D32E-48E0-845E-51B1FF830FAD}"
EndProject
Global
	GlobalSection(SolutionConfigurationPlatforms) = preSolution
		Debug|Any CPU = Debug|Any CPU
		Release|Any CPU = Release|Any CPU
	EndGlobalSection
	GlobalSection(ProjectConfigurationPlatforms) = postSolution
		{1EAC4A2C-EB96-4B14-85D1-C0B58EED1232}.Debug|Any CPU.ActiveCfg = Debug|Any CPU
		{1EAC4A2C-EB96-4B14-85D1-C0B58EED1232}.Debug|Any CPU.Build.0 = Debug|Any CPU
		{1EAC4A2C-EB96-4B14-85D1-C0B58EED1232}.Release|Any CPU.ActiveCfg = Release|Any CPU
		{1EAC4A2C-EB96-4B14-85D1-C0B58EED1232}.Release|Any CPU.Build.0 = Release|Any CPU
		{0BE7F504-D700-4349-AB7F-6C91D22FC0C5}.Debug|Any CPU.ActiveCfg = Debug|Any CPU
		{0BE7F504-D700-4349-AB7F-6C91D22FC0C5}.Debug|Any CPU.Build.0 = Debug|Any CPU
		{0BE7F504-D700-4349-AB7F-6C91D22FC0C5}.Release|Any CPU.ActiveCfg = Release|Any CPU
		{0BE7F504-D700-4349-AB7F-6C91D22FC0C5}.Release|Any CPU.Build.0 = Release|Any CPU
		{6B38312D-F6E7-4348-8E41-5EC42AB9E224}.Debug|Any CPU.ActiveCfg = Debug|Any CPU
		{6B38312D-F6E7-4348-8E41-5EC42AB9E224}.Debug|Any CPU.Build.0 = Debug|Any CPU
		{6B38312D-F6E7-4348-8E41-5EC42AB9E224}.Release|Any CPU.ActiveCfg = Release|Any CPU
		{6B38312D-F6E7-4348-8E41-5EC42AB9E224}.Release|Any CPU.Build.0 = Release|Any CPU
		{661AFB28-2A87-4BF1-8CCA-7C198CDBEE8E}.Debug|Any CPU.ActiveCfg = Debug|Any CPU
		{661AFB28-2A87-4BF1-8CCA-7C198CDBEE8E}.Debug|Any CPU.Build.0 = Debug|Any CPU
		{661AFB28-2A87-4BF1-8CCA-7C198CDBEE8E}.Release|Any CPU.ActiveCfg = Release|Any CPU
		{661AFB28-2A87-4BF1-8CCA-7C198CDBEE8E}.Release|Any CPU.Build.0 = Release|Any CPU
		{F8A2B745-ADED-41F3-9D48-08802139529C}.Debug|Any CPU.ActiveCfg = Debug|Any CPU
		{F8A2B745-ADED-41F3-9D48-08802139529C}.Debug|Any CPU.Build.0 = Debug|Any CPU
		{F8A2B745-ADED-41F3-9D48-08802139529C}.Release|Any CPU.ActiveCfg = Release|Any CPU
		{F8A2B745-ADED-41F3-9D48-08802139529C}.Release|Any CPU.Build.0 = Release|Any CPU
		{A3B4135F-BC6E-48EA-B77A-6A7E1EF1EF7F}.Debug|Any CPU.ActiveCfg = Debug|Any CPU
		{A3B4135F-BC6E-48EA-B77A-6A7E1EF1EF7F}.Debug|Any CPU.Build.0 = Debug|Any CPU
		{A3B4135F-BC6E-48EA-B77A-6A7E1EF1EF7F}.Release|Any CPU.ActiveCfg = Release|Any CPU
		{A3B4135F-BC6E-48EA-B77A-6A7E1EF1EF7F}.Release|Any CPU.Build.0 = Release|Any CPU
		{1C2D2447-E1DE-4581-8772-5C161340138D}.Debug|Any CPU.ActiveCfg = Debug|Any CPU
		{1C2D2447-E1DE-4581-8772-5C161340138D}.Debug|Any CPU.Build.0 = Debug|Any CPU
		{1C2D2447-E1DE-4581-8772-5C161340138D}.Release|Any CPU.ActiveCfg = Release|Any CPU
		{1C2D2447-E1DE-4581-8772-5C161340138D}.Release|Any CPU.Build.0 = Release|Any CPU
		{F6824BF4-F5C7-4BDF-845B-99FD72BF7B63}.Debug|Any CPU.ActiveCfg = Debug|Any CPU
		{F6824BF4-F5C7-4BDF-845B-99FD72BF7B63}.Debug|Any CPU.Build.0 = Debug|Any CPU
		{F6824BF4-F5C7-4BDF-845B-99FD72BF7B63}.Release|Any CPU.ActiveCfg = Release|Any CPU
		{F6824BF4-F5C7-4BDF-845B-99FD72BF7B63}.Release|Any CPU.Build.0 = Release|Any CPU
		{983751F4-B4A6-4CFA-8925-E211FA3584B2}.Debug|Any CPU.ActiveCfg = Debug|Any CPU
		{983751F4-B4A6-4CFA-8925-E211FA3584B2}.Debug|Any CPU.Build.0 = Debug|Any CPU
		{983751F4-B4A6-4CFA-8925-E211FA3584B2}.Release|Any CPU.ActiveCfg = Release|Any CPU
		{983751F4-B4A6-4CFA-8925-E211FA3584B2}.Release|Any CPU.Build.0 = Release|Any CPU
		{333C7838-7C8E-4C25-B122-A4107C37E674}.Debug|Any CPU.ActiveCfg = Debug|Any CPU
		{333C7838-7C8E-4C25-B122-A4107C37E674}.Debug|Any CPU.Build.0 = Debug|Any CPU
		{333C7838-7C8E-4C25-B122-A4107C37E674}.Release|Any CPU.ActiveCfg = Release|Any CPU
		{333C7838-7C8E-4C25-B122-A4107C37E674}.Release|Any CPU.Build.0 = Release|Any CPU
		{405FEC8D-046B-4701-BDD9-236E00094162}.Debug|Any CPU.ActiveCfg = Debug|Any CPU
		{405FEC8D-046B-4701-BDD9-236E00094162}.Debug|Any CPU.Build.0 = Debug|Any CPU
		{405FEC8D-046B-4701-BDD9-236E00094162}.Release|Any CPU.ActiveCfg = Release|Any CPU
		{405FEC8D-046B-4701-BDD9-236E00094162}.Release|Any CPU.Build.0 = Release|Any CPU
		{299C5C8D-9B94-4780-80D3-F36272FA4EB6}.Debug|Any CPU.ActiveCfg = Debug|Any CPU
		{299C5C8D-9B94-4780-80D3-F36272FA4EB6}.Debug|Any CPU.Build.0 = Debug|Any CPU
		{299C5C8D-9B94-4780-80D3-F36272FA4EB6}.Release|Any CPU.ActiveCfg = Release|Any CPU
		{299C5C8D-9B94-4780-80D3-F36272FA4EB6}.Release|Any CPU.Build.0 = Release|Any CPU
		{F652C872-83C9-42BA-A496-57B080D9AD4B}.Debug|Any CPU.ActiveCfg = Debug|Any CPU
		{F652C872-83C9-42BA-A496-57B080D9AD4B}.Debug|Any CPU.Build.0 = Debug|Any CPU
		{F652C872-83C9-42BA-A496-57B080D9AD4B}.Release|Any CPU.ActiveCfg = Release|Any CPU
		{F652C872-83C9-42BA-A496-57B080D9AD4B}.Release|Any CPU.Build.0 = Release|Any CPU
		{CEA939AB-0AC3-4474-AA10-9CE3E052311C}.Debug|Any CPU.ActiveCfg = Debug|Any CPU
		{CEA939AB-0AC3-4474-AA10-9CE3E052311C}.Debug|Any CPU.Build.0 = Debug|Any CPU
		{CEA939AB-0AC3-4474-AA10-9CE3E052311C}.Release|Any CPU.ActiveCfg = Release|Any CPU
		{CEA939AB-0AC3-4474-AA10-9CE3E052311C}.Release|Any CPU.Build.0 = Release|Any CPU
		{E6F6F159-D32E-48E0-845E-51B1FF830FAD}.Debug|Any CPU.ActiveCfg = Debug|Any CPU
		{E6F6F159-D32E-48E0-845E-51B1FF830FAD}.Debug|Any CPU.Build.0 = Debug|Any CPU
		{E6F6F159-D32E-48E0-845E-51B1FF830FAD}.Release|Any CPU.ActiveCfg = Release|Any CPU
		{E6F6F159-D32E-48E0-845E-51B1FF830FAD}.Release|Any CPU.Build.0 = Release|Any CPU
	EndGlobalSection
	GlobalSection(SolutionProperties) = preSolution
		HideSolutionNode = FALSE
	EndGlobalSection
	GlobalSection(ExtensibilityGlobals) = postSolution
		SolutionGuid = {8821C55B-1938-4C3A-A8C2-20A7CFB4FBAC}
	EndGlobalSection
EndGlobal
