
Microsoft Visual Studio Solution File, Format Version 12.00
# Visual Studio 15
VisualStudioVersion = 15.0.28010.2026
MinimumVisualStudioVersion = 10.0.40219.1
Project("{9A19103F-16F7-4668-BE54-9A1E7A4F7556}") = "Vehicles", "Vehicles\Vehicles.csproj", "{AE8F8EF0-6557-4F5D-95D9-64BA97BA20B1}"
EndProject
Project("{FAE04EC0-301F-11D3-BF4B-00C04F79EFBC}") = "VehiclesExtension", "VehiclesExtension\VehiclesExtension.csproj", "{BD63D71D-180B-4C50-8630-33C90E20AADE}"
EndProject
Project("{FAE04EC0-301F-11D3-BF4B-00C04F79EFBC}") = "WildFarm", "WildFarm\WildFarm.csproj", "{5CE73C1C-6289-4FCA-B98E-4E6B8464A7B5}"
EndProject
Global
	GlobalSection(SolutionConfigurationPlatforms) = preSolution
		Debug|Any CPU = Debug|Any CPU
		Release|Any CPU = Release|Any CPU
	EndGlobalSection
	GlobalSection(ProjectConfigurationPlatforms) = postSolution
		{AE8F8EF0-6557-4F5D-95D9-64BA97BA20B1}.Debug|Any CPU.ActiveCfg = Debug|Any CPU
		{AE8F8EF0-6557-4F5D-95D9-64BA97BA20B1}.Debug|Any CPU.Build.0 = Debug|Any CPU
		{AE8F8EF0-6557-4F5D-95D9-64BA97BA20B1}.Release|Any CPU.ActiveCfg = Release|Any CPU
		{AE8F8EF0-6557-4F5D-95D9-64BA97BA20B1}.Release|Any CPU.Build.0 = Release|Any CPU
		{BD63D71D-180B-4C50-8630-33C90E20AADE}.Debug|Any CPU.ActiveCfg = Debug|Any CPU
		{BD63D71D-180B-4C50-8630-33C90E20AADE}.Debug|Any CPU.Build.0 = Debug|Any CPU
		{BD63D71D-180B-4C50-8630-33C90E20AADE}.Release|Any CPU.ActiveCfg = Release|Any CPU
		{BD63D71D-180B-4C50-8630-33C90E20AADE}.Release|Any CPU.Build.0 = Release|Any CPU
		{5CE73C1C-6289-4FCA-B98E-4E6B8464A7B5}.Debug|Any CPU.ActiveCfg = Debug|Any CPU
		{5CE73C1C-6289-4FCA-B98E-4E6B8464A7B5}.Debug|Any CPU.Build.0 = Debug|Any CPU
		{5CE73C1C-6289-4FCA-B98E-4E6B8464A7B5}.Release|Any CPU.ActiveCfg = Release|Any CPU
		{5CE73C1C-6289-4FCA-B98E-4E6B8464A7B5}.Release|Any CPU.Build.0 = Release|Any CPU
	EndGlobalSection
	GlobalSection(SolutionProperties) = preSolution
		HideSolutionNode = FALSE
	EndGlobalSection
	GlobalSection(ExtensibilityGlobals) = postSolution
		SolutionGuid = {87D72D9B-25B0-4219-B2A0-BC98A119D69E}
	EndGlobalSection
EndGlobal
