
Microsoft Visual Studio Solution File, Format Version 12.00
# Visual Studio Version 16
VisualStudioVersion = 16.0.28803.452
MinimumVisualStudioVersion = 10.0.40219.1
Project("{FAE04EC0-301F-11D3-BF4B-00C04F79EFBC}") = "SIS.HTTP", "SIS.HTTP\SIS.HTTP.csproj", "{464C39B6-EB7A-4324-98EA-9FA4DE949EDB}"
EndProject
Project("{FAE04EC0-301F-11D3-BF4B-00C04F79EFBC}") = "SIS.WebServer", "SIS.WebServer\SIS.WebServer.csproj", "{CDD9CA79-0C00-4E1B-B58E-C6E2FD5CD4EF}"
EndProject
Project("{FAE04EC0-301F-11D3-BF4B-00C04F79EFBC}") = "Demo.App", "Demo.App\Demo.App.csproj", "{63BDD8DF-0A11-4E68-8BBB-B667252C7217}"
EndProject
Global
	GlobalSection(SolutionConfigurationPlatforms) = preSolution
		Debug|Any CPU = Debug|Any CPU
		Release|Any CPU = Release|Any CPU
	EndGlobalSection
	GlobalSection(ProjectConfigurationPlatforms) = postSolution
		{464C39B6-EB7A-4324-98EA-9FA4DE949EDB}.Debug|Any CPU.ActiveCfg = Debug|Any CPU
		{464C39B6-EB7A-4324-98EA-9FA4DE949EDB}.Debug|Any CPU.Build.0 = Debug|Any CPU
		{464C39B6-EB7A-4324-98EA-9FA4DE949EDB}.Release|Any CPU.ActiveCfg = Release|Any CPU
		{464C39B6-EB7A-4324-98EA-9FA4DE949EDB}.Release|Any CPU.Build.0 = Release|Any CPU
		{CDD9CA79-0C00-4E1B-B58E-C6E2FD5CD4EF}.Debug|Any CPU.ActiveCfg = Debug|Any CPU
		{CDD9CA79-0C00-4E1B-B58E-C6E2FD5CD4EF}.Debug|Any CPU.Build.0 = Debug|Any CPU
		{CDD9CA79-0C00-4E1B-B58E-C6E2FD5CD4EF}.Release|Any CPU.ActiveCfg = Release|Any CPU
		{CDD9CA79-0C00-4E1B-B58E-C6E2FD5CD4EF}.Release|Any CPU.Build.0 = Release|Any CPU
		{63BDD8DF-0A11-4E68-8BBB-B667252C7217}.Debug|Any CPU.ActiveCfg = Debug|Any CPU
		{63BDD8DF-0A11-4E68-8BBB-B667252C7217}.Debug|Any CPU.Build.0 = Debug|Any CPU
		{63BDD8DF-0A11-4E68-8BBB-B667252C7217}.Release|Any CPU.ActiveCfg = Release|Any CPU
		{63BDD8DF-0A11-4E68-8BBB-B667252C7217}.Release|Any CPU.Build.0 = Release|Any CPU
	EndGlobalSection
	GlobalSection(SolutionProperties) = preSolution
		HideSolutionNode = FALSE
	EndGlobalSection
	GlobalSection(ExtensibilityGlobals) = postSolution
		SolutionGuid = {BA143ECF-58B7-42FC-84D8-49D3F9F5F625}
	EndGlobalSection
EndGlobal
