
Microsoft Visual Studio Solution File, Format Version 12.00
# Visual Studio 15
VisualStudioVersion = 15.0.28307.572
MinimumVisualStudioVersion = 10.0.40219.1
Project("{FAE04EC0-301F-11D3-BF4B-00C04F79EFBC}") = "03. Powers of Two", "03. Powers of Two\03. Powers of Two.csproj", "{A8A86867-86BE-48AD-95BC-14502EF59AF6}"
EndProject
Project("{FAE04EC0-301F-11D3-BF4B-00C04F79EFBC}") = "05. Sequence 2k+1", "05. Sequence 2k+1\05. Sequence 2k+1.csproj", "{DCAC1664-B947-45DF-8853-8E86FD0E613F}"
EndProject
Project("{FAE04EC0-301F-11D3-BF4B-00C04F79EFBC}") = "07. Greatest Common Divisor (CGD)", "07. Greatest Common Divisor (CGD)\07. Greatest Common Divisor (CGD).csproj", "{CEC2411F-2EB2-47A4-947C-0F1FC8874727}"
EndProject
Project("{FAE04EC0-301F-11D3-BF4B-00C04F79EFBC}") = "08. Factorial", "08. Factorial\08. Factorial.csproj", "{24982F27-95CC-4FE6-B483-EEDE12E0AB07}"
EndProject
Project("{FAE04EC0-301F-11D3-BF4B-00C04F79EFBC}") = "09. Sum Digits", "09. Sum Digits\09. Sum Digits.csproj", "{9BA11726-C7BE-4B78-9555-29EDE3664F4F}"
EndProject
Project("{FAE04EC0-301F-11D3-BF4B-00C04F79EFBC}") = "10. Check Prime", "10. Check Prime\10. Check Prime.csproj", "{0ECDEBBE-6F6F-4D6A-AC58-90C97B5DCAD0}"
EndProject
Project("{FAE04EC0-301F-11D3-BF4B-00C04F79EFBC}") = "11. Enter Even Number", "11. Enter Even Number\11. Enter Even Number.csproj", "{B8984011-7E2E-48C9-8B63-EADE48A27472}"
EndProject
Project("{FAE04EC0-301F-11D3-BF4B-00C04F79EFBC}") = "12. Fibonacci", "12. Fibonacci\12. Fibonacci.csproj", "{B1526C00-EA3B-4428-B5B2-13D7F7710224}"
EndProject
Project("{FAE04EC0-301F-11D3-BF4B-00C04F79EFBC}") = "13. Number Pyramid", "13. Number Pyramid\13. Number Pyramid.csproj", "{2F1BFE83-054A-4CD2-801F-F5202C4996E4}"
EndProject
Project("{FAE04EC0-301F-11D3-BF4B-00C04F79EFBC}") = "14. Number Table", "14. Number Table\14. Number Table.csproj", "{A8E3D42B-968C-44ED-9558-53931C8005B2}"
EndProject
Project("{FAE04EC0-301F-11D3-BF4B-00C04F79EFBC}") = "01. Numbers 1 to N with Step 3", "01. Numbers 1 to N with Step 3\01. Numbers 1 to N with Step 3.csproj", "{C1757D04-1CAC-42A6-98F6-26468F8C12CB}"
EndProject
Project("{FAE04EC0-301F-11D3-BF4B-00C04F79EFBC}") = "02. Numbers N to 1", "02. Numbers N to 1\02. Numbers N to 1.csproj", "{12C336E0-6561-4BBF-9692-EFE421AA607F}"
EndProject
Project("{FAE04EC0-301F-11D3-BF4B-00C04F79EFBC}") = "06. Number in Range 1 to 100", "06. Number in Range 1 to 100\06. Number in Range 1 to 100.csproj", "{5F52790E-55D0-4EB1-B41A-33F458CFDAB7}"
EndProject
Project("{FAE04EC0-301F-11D3-BF4B-00C04F79EFBC}") = "04. Even Powers of 2", "04. Even Powers of 2\04. Even Powers of 2.csproj", "{1AA2DE48-21A6-4C4E-B429-638AC58BEEEA}"
EndProject
Global
	GlobalSection(SolutionConfigurationPlatforms) = preSolution
		Debug|Any CPU = Debug|Any CPU
		Release|Any CPU = Release|Any CPU
	EndGlobalSection
	GlobalSection(ProjectConfigurationPlatforms) = postSolution
		{A8A86867-86BE-48AD-95BC-14502EF59AF6}.Debug|Any CPU.ActiveCfg = Debug|Any CPU
		{A8A86867-86BE-48AD-95BC-14502EF59AF6}.Debug|Any CPU.Build.0 = Debug|Any CPU
		{A8A86867-86BE-48AD-95BC-14502EF59AF6}.Release|Any CPU.ActiveCfg = Release|Any CPU
		{A8A86867-86BE-48AD-95BC-14502EF59AF6}.Release|Any CPU.Build.0 = Release|Any CPU
		{DCAC1664-B947-45DF-8853-8E86FD0E613F}.Debug|Any CPU.ActiveCfg = Debug|Any CPU
		{DCAC1664-B947-45DF-8853-8E86FD0E613F}.Debug|Any CPU.Build.0 = Debug|Any CPU
		{DCAC1664-B947-45DF-8853-8E86FD0E613F}.Release|Any CPU.ActiveCfg = Release|Any CPU
		{DCAC1664-B947-45DF-8853-8E86FD0E613F}.Release|Any CPU.Build.0 = Release|Any CPU
		{CEC2411F-2EB2-47A4-947C-0F1FC8874727}.Debug|Any CPU.ActiveCfg = Debug|Any CPU
		{CEC2411F-2EB2-47A4-947C-0F1FC8874727}.Debug|Any CPU.Build.0 = Debug|Any CPU
		{CEC2411F-2EB2-47A4-947C-0F1FC8874727}.Release|Any CPU.ActiveCfg = Release|Any CPU
		{CEC2411F-2EB2-47A4-947C-0F1FC8874727}.Release|Any CPU.Build.0 = Release|Any CPU
		{24982F27-95CC-4FE6-B483-EEDE12E0AB07}.Debug|Any CPU.ActiveCfg = Debug|Any CPU
		{24982F27-95CC-4FE6-B483-EEDE12E0AB07}.Debug|Any CPU.Build.0 = Debug|Any CPU
		{24982F27-95CC-4FE6-B483-EEDE12E0AB07}.Release|Any CPU.ActiveCfg = Release|Any CPU
		{24982F27-95CC-4FE6-B483-EEDE12E0AB07}.Release|Any CPU.Build.0 = Release|Any CPU
		{9BA11726-C7BE-4B78-9555-29EDE3664F4F}.Debug|Any CPU.ActiveCfg = Debug|Any CPU
		{9BA11726-C7BE-4B78-9555-29EDE3664F4F}.Debug|Any CPU.Build.0 = Debug|Any CPU
		{9BA11726-C7BE-4B78-9555-29EDE3664F4F}.Release|Any CPU.ActiveCfg = Release|Any CPU
		{9BA11726-C7BE-4B78-9555-29EDE3664F4F}.Release|Any CPU.Build.0 = Release|Any CPU
		{0ECDEBBE-6F6F-4D6A-AC58-90C97B5DCAD0}.Debug|Any CPU.ActiveCfg = Debug|Any CPU
		{0ECDEBBE-6F6F-4D6A-AC58-90C97B5DCAD0}.Debug|Any CPU.Build.0 = Debug|Any CPU
		{0ECDEBBE-6F6F-4D6A-AC58-90C97B5DCAD0}.Release|Any CPU.ActiveCfg = Release|Any CPU
		{0ECDEBBE-6F6F-4D6A-AC58-90C97B5DCAD0}.Release|Any CPU.Build.0 = Release|Any CPU
		{B8984011-7E2E-48C9-8B63-EADE48A27472}.Debug|Any CPU.ActiveCfg = Debug|Any CPU
		{B8984011-7E2E-48C9-8B63-EADE48A27472}.Debug|Any CPU.Build.0 = Debug|Any CPU
		{B8984011-7E2E-48C9-8B63-EADE48A27472}.Release|Any CPU.ActiveCfg = Release|Any CPU
		{B8984011-7E2E-48C9-8B63-EADE48A27472}.Release|Any CPU.Build.0 = Release|Any CPU
		{B1526C00-EA3B-4428-B5B2-13D7F7710224}.Debug|Any CPU.ActiveCfg = Debug|Any CPU
		{B1526C00-EA3B-4428-B5B2-13D7F7710224}.Debug|Any CPU.Build.0 = Debug|Any CPU
		{B1526C00-EA3B-4428-B5B2-13D7F7710224}.Release|Any CPU.ActiveCfg = Release|Any CPU
		{B1526C00-EA3B-4428-B5B2-13D7F7710224}.Release|Any CPU.Build.0 = Release|Any CPU
		{2F1BFE83-054A-4CD2-801F-F5202C4996E4}.Debug|Any CPU.ActiveCfg = Debug|Any CPU
		{2F1BFE83-054A-4CD2-801F-F5202C4996E4}.Debug|Any CPU.Build.0 = Debug|Any CPU
		{2F1BFE83-054A-4CD2-801F-F5202C4996E4}.Release|Any CPU.ActiveCfg = Release|Any CPU
		{2F1BFE83-054A-4CD2-801F-F5202C4996E4}.Release|Any CPU.Build.0 = Release|Any CPU
		{A8E3D42B-968C-44ED-9558-53931C8005B2}.Debug|Any CPU.ActiveCfg = Debug|Any CPU
		{A8E3D42B-968C-44ED-9558-53931C8005B2}.Debug|Any CPU.Build.0 = Debug|Any CPU
		{A8E3D42B-968C-44ED-9558-53931C8005B2}.Release|Any CPU.ActiveCfg = Release|Any CPU
		{A8E3D42B-968C-44ED-9558-53931C8005B2}.Release|Any CPU.Build.0 = Release|Any CPU
		{C1757D04-1CAC-42A6-98F6-26468F8C12CB}.Debug|Any CPU.ActiveCfg = Debug|Any CPU
		{C1757D04-1CAC-42A6-98F6-26468F8C12CB}.Debug|Any CPU.Build.0 = Debug|Any CPU
		{C1757D04-1CAC-42A6-98F6-26468F8C12CB}.Release|Any CPU.ActiveCfg = Release|Any CPU
		{C1757D04-1CAC-42A6-98F6-26468F8C12CB}.Release|Any CPU.Build.0 = Release|Any CPU
		{12C336E0-6561-4BBF-9692-EFE421AA607F}.Debug|Any CPU.ActiveCfg = Debug|Any CPU
		{12C336E0-6561-4BBF-9692-EFE421AA607F}.Debug|Any CPU.Build.0 = Debug|Any CPU
		{12C336E0-6561-4BBF-9692-EFE421AA607F}.Release|Any CPU.ActiveCfg = Release|Any CPU
		{12C336E0-6561-4BBF-9692-EFE421AA607F}.Release|Any CPU.Build.0 = Release|Any CPU
		{5F52790E-55D0-4EB1-B41A-33F458CFDAB7}.Debug|Any CPU.ActiveCfg = Debug|Any CPU
		{5F52790E-55D0-4EB1-B41A-33F458CFDAB7}.Debug|Any CPU.Build.0 = Debug|Any CPU
		{5F52790E-55D0-4EB1-B41A-33F458CFDAB7}.Release|Any CPU.ActiveCfg = Release|Any CPU
		{5F52790E-55D0-4EB1-B41A-33F458CFDAB7}.Release|Any CPU.Build.0 = Release|Any CPU
		{1AA2DE48-21A6-4C4E-B429-638AC58BEEEA}.Debug|Any CPU.ActiveCfg = Debug|Any CPU
		{1AA2DE48-21A6-4C4E-B429-638AC58BEEEA}.Debug|Any CPU.Build.0 = Debug|Any CPU
		{1AA2DE48-21A6-4C4E-B429-638AC58BEEEA}.Release|Any CPU.ActiveCfg = Release|Any CPU
		{1AA2DE48-21A6-4C4E-B429-638AC58BEEEA}.Release|Any CPU.Build.0 = Release|Any CPU
	EndGlobalSection
	GlobalSection(SolutionProperties) = preSolution
		HideSolutionNode = FALSE
	EndGlobalSection
	GlobalSection(ExtensibilityGlobals) = postSolution
		SolutionGuid = {A76C796D-D422-4468-9101-FB4C33495454}
	EndGlobalSection
EndGlobal
