
Microsoft Visual Studio Solution File, Format Version 12.00
# Visual Studio 15
VisualStudioVersion = 15.0.28010.2026
MinimumVisualStudioVersion = 10.0.40219.1
Project("{FAE04EC0-301F-11D3-BF4B-00C04F79EFBC}") = "BillsPaymentSystem.App", "BillsPaymentSystem.App\BillsPaymentSystem.App.csproj", "{A136AFE0-1DDE-4905-9283-C04F20F6C3EE}"
EndProject
Project("{FAE04EC0-301F-11D3-BF4B-00C04F79EFBC}") = "BillsPaymentSystem.Data", "BillsPaymentSystem.Data\BillsPaymentSystem.Data.csproj", "{CF113387-3357-41B4-9BFB-1FDBCF690802}"
EndProject
Project("{FAE04EC0-301F-11D3-BF4B-00C04F79EFBC}") = "BillsPaymentSystem.Models", "BillsPaymentSystem.Models\BillsPaymentSystem.Models.csproj", "{491EDCA6-0C85-4FD5-9574-3710D0649E89}"
EndProject
Global
	GlobalSection(SolutionConfigurationPlatforms) = preSolution
		Debug|Any CPU = Debug|Any CPU
		Release|Any CPU = Release|Any CPU
	EndGlobalSection
	GlobalSection(ProjectConfigurationPlatforms) = postSolution
		{A136AFE0-1DDE-4905-9283-C04F20F6C3EE}.Debug|Any CPU.ActiveCfg = Debug|Any CPU
		{A136AFE0-1DDE-4905-9283-C04F20F6C3EE}.Debug|Any CPU.Build.0 = Debug|Any CPU
		{A136AFE0-1DDE-4905-9283-C04F20F6C3EE}.Release|Any CPU.ActiveCfg = Release|Any CPU
		{A136AFE0-1DDE-4905-9283-C04F20F6C3EE}.Release|Any CPU.Build.0 = Release|Any CPU
		{CF113387-3357-41B4-9BFB-1FDBCF690802}.Debug|Any CPU.ActiveCfg = Debug|Any CPU
		{CF113387-3357-41B4-9BFB-1FDBCF690802}.Debug|Any CPU.Build.0 = Debug|Any CPU
		{CF113387-3357-41B4-9BFB-1FDBCF690802}.Release|Any CPU.ActiveCfg = Release|Any CPU
		{CF113387-3357-41B4-9BFB-1FDBCF690802}.Release|Any CPU.Build.0 = Release|Any CPU
		{491EDCA6-0C85-4FD5-9574-3710D0649E89}.Debug|Any CPU.ActiveCfg = Debug|Any CPU
		{491EDCA6-0C85-4FD5-9574-3710D0649E89}.Debug|Any CPU.Build.0 = Debug|Any CPU
		{491EDCA6-0C85-4FD5-9574-3710D0649E89}.Release|Any CPU.ActiveCfg = Release|Any CPU
		{491EDCA6-0C85-4FD5-9574-3710D0649E89}.Release|Any CPU.Build.0 = Release|Any CPU
	EndGlobalSection
	GlobalSection(SolutionProperties) = preSolution
		HideSolutionNode = FALSE
	EndGlobalSection
	GlobalSection(ExtensibilityGlobals) = postSolution
		SolutionGuid = {F5A9FD38-96D3-4369-B3BB-7E3187CFC090}
	EndGlobalSection
EndGlobal
