
Microsoft Visual Studio Solution File, Format Version 12.00
# Visual Studio 15
VisualStudioVersion = 15.0.28307.572
MinimumVisualStudioVersion = 10.0.40219.1
Project("{FAE04EC0-301F-11D3-BF4B-00C04F79EFBC}") = "01. Day of Week", "01. Day of Week\01. Day of Week.csproj", "{0A67F64E-9905-4CE8-875D-F36F46C6A5BF}"
EndProject
Project("{FAE04EC0-301F-11D3-BF4B-00C04F79EFBC}") = "02. Randomize Words", "02. Randomize Words\02. Randomize Words.csproj", "{41414B4C-DF28-4A13-83DB-DBC264E07530}"
EndProject
Project("{FAE04EC0-301F-11D3-BF4B-00C04F79EFBC}") = "03. Big Factorial", "03. Big Factorial\03. Big Factorial.csproj", "{0B5410D4-1C6E-44FE-9C1C-C8BC74B4E17F}"
EndProject
Project("{FAE04EC0-301F-11D3-BF4B-00C04F79EFBC}") = "04. Distance between Points", "04. Distance between Points\04. Distance between Points.csproj", "{D9D7618D-703C-497A-9F48-9A0E3411EF0A}"
EndProject
Project("{FAE04EC0-301F-11D3-BF4B-00C04F79EFBC}") = "05. Closest Two Points", "05. Closest Two Points\05. Closest Two Points.csproj", "{1F9BD4D0-2336-4801-B8B6-FC128976E9B3}"
EndProject
Project("{FAE04EC0-301F-11D3-BF4B-00C04F79EFBC}") = "06. Rectangle Position", "06. Rectangle Position\06. Rectangle Position.csproj", "{C1FCF046-FD47-4EEC-A91F-3A63408B0F43}"
EndProject
Project("{FAE04EC0-301F-11D3-BF4B-00C04F79EFBC}") = "07. Sales Report", "07. Sales Report\07. Sales Report.csproj", "{3C9BC429-357B-42E9-A7BC-3C51602C973A}"
EndProject
Global
	GlobalSection(SolutionConfigurationPlatforms) = preSolution
		Debug|Any CPU = Debug|Any CPU
		Release|Any CPU = Release|Any CPU
	EndGlobalSection
	GlobalSection(ProjectConfigurationPlatforms) = postSolution
		{0A67F64E-9905-4CE8-875D-F36F46C6A5BF}.Debug|Any CPU.ActiveCfg = Debug|Any CPU
		{0A67F64E-9905-4CE8-875D-F36F46C6A5BF}.Debug|Any CPU.Build.0 = Debug|Any CPU
		{0A67F64E-9905-4CE8-875D-F36F46C6A5BF}.Release|Any CPU.ActiveCfg = Release|Any CPU
		{0A67F64E-9905-4CE8-875D-F36F46C6A5BF}.Release|Any CPU.Build.0 = Release|Any CPU
		{41414B4C-DF28-4A13-83DB-DBC264E07530}.Debug|Any CPU.ActiveCfg = Debug|Any CPU
		{41414B4C-DF28-4A13-83DB-DBC264E07530}.Debug|Any CPU.Build.0 = Debug|Any CPU
		{41414B4C-DF28-4A13-83DB-DBC264E07530}.Release|Any CPU.ActiveCfg = Release|Any CPU
		{41414B4C-DF28-4A13-83DB-DBC264E07530}.Release|Any CPU.Build.0 = Release|Any CPU
		{0B5410D4-1C6E-44FE-9C1C-C8BC74B4E17F}.Debug|Any CPU.ActiveCfg = Debug|Any CPU
		{0B5410D4-1C6E-44FE-9C1C-C8BC74B4E17F}.Debug|Any CPU.Build.0 = Debug|Any CPU
		{0B5410D4-1C6E-44FE-9C1C-C8BC74B4E17F}.Release|Any CPU.ActiveCfg = Release|Any CPU
		{0B5410D4-1C6E-44FE-9C1C-C8BC74B4E17F}.Release|Any CPU.Build.0 = Release|Any CPU
		{D9D7618D-703C-497A-9F48-9A0E3411EF0A}.Debug|Any CPU.ActiveCfg = Debug|Any CPU
		{D9D7618D-703C-497A-9F48-9A0E3411EF0A}.Debug|Any CPU.Build.0 = Debug|Any CPU
		{D9D7618D-703C-497A-9F48-9A0E3411EF0A}.Release|Any CPU.ActiveCfg = Release|Any CPU
		{D9D7618D-703C-497A-9F48-9A0E3411EF0A}.Release|Any CPU.Build.0 = Release|Any CPU
		{1F9BD4D0-2336-4801-B8B6-FC128976E9B3}.Debug|Any CPU.ActiveCfg = Debug|Any CPU
		{1F9BD4D0-2336-4801-B8B6-FC128976E9B3}.Debug|Any CPU.Build.0 = Debug|Any CPU
		{1F9BD4D0-2336-4801-B8B6-FC128976E9B3}.Release|Any CPU.ActiveCfg = Release|Any CPU
		{1F9BD4D0-2336-4801-B8B6-FC128976E9B3}.Release|Any CPU.Build.0 = Release|Any CPU
		{C1FCF046-FD47-4EEC-A91F-3A63408B0F43}.Debug|Any CPU.ActiveCfg = Debug|Any CPU
		{C1FCF046-FD47-4EEC-A91F-3A63408B0F43}.Debug|Any CPU.Build.0 = Debug|Any CPU
		{C1FCF046-FD47-4EEC-A91F-3A63408B0F43}.Release|Any CPU.ActiveCfg = Release|Any CPU
		{C1FCF046-FD47-4EEC-A91F-3A63408B0F43}.Release|Any CPU.Build.0 = Release|Any CPU
		{3C9BC429-357B-42E9-A7BC-3C51602C973A}.Debug|Any CPU.ActiveCfg = Debug|Any CPU
		{3C9BC429-357B-42E9-A7BC-3C51602C973A}.Debug|Any CPU.Build.0 = Debug|Any CPU
		{3C9BC429-357B-42E9-A7BC-3C51602C973A}.Release|Any CPU.ActiveCfg = Release|Any CPU
		{3C9BC429-357B-42E9-A7BC-3C51602C973A}.Release|Any CPU.Build.0 = Release|Any CPU
	EndGlobalSection
	GlobalSection(SolutionProperties) = preSolution
		HideSolutionNode = FALSE
	EndGlobalSection
	GlobalSection(ExtensibilityGlobals) = postSolution
		SolutionGuid = {F9A31336-D60D-48A8-A4D1-D7A5E90B8EE0}
	EndGlobalSection
EndGlobal
