
Microsoft Visual Studio Solution File, Format Version 12.00
# Visual Studio Version 16
VisualStudioVersion = 16.0.29001.49
MinimumVisualStudioVersion = 10.0.40219.1
Project("{FAE04EC0-301F-11D3-BF4B-00C04F79EFBC}") = "SOLID_Exercise", "SOLID_Exercise.csproj", "{AF675ECE-1A74-4F66-B77E-FC1FC3C37393}"
EndProject
Global
	GlobalSection(SolutionConfigurationPlatforms) = preSolution
		Debug|Any CPU = Debug|Any CPU
		Release|Any CPU = Release|Any CPU
	EndGlobalSection
	GlobalSection(ProjectConfigurationPlatforms) = postSolution
		{AF675ECE-1A74-4F66-B77E-FC1FC3C37393}.Debug|Any CPU.ActiveCfg = Debug|Any CPU
		{AF675ECE-1A74-4F66-B77E-FC1FC3C37393}.Debug|Any CPU.Build.0 = Debug|Any CPU
		{AF675ECE-1A74-4F66-B77E-FC1FC3C37393}.Release|Any CPU.ActiveCfg = Release|Any CPU
		{AF675ECE-1A74-4F66-B77E-FC1FC3C37393}.Release|Any CPU.Build.0 = Release|Any CPU
	EndGlobalSection
	GlobalSection(SolutionProperties) = preSolution
		HideSolutionNode = FALSE
	EndGlobalSection
	GlobalSection(ExtensibilityGlobals) = postSolution
		SolutionGuid = {5EDCD075-230D-4A07-A7DA-7FEB6CD2C3A5}
	EndGlobalSection
EndGlobal
